
Microsoft Visual Studio Solution File, Format Version 12.00
# Visual Studio Version 17
VisualStudioVersion = 17.7.34024.191
MinimumVisualStudioVersion = 10.0.40219.1
Project("{FAE04EC0-301F-11D3-BF4B-00C04F79EFBC}") = "BP-ClientPatch-Updater", "BP-ClientPatch-Updater.csproj", "{525D2866-024B-4D92-905F-D973A5CFE83D}"
EndProject
Global
	GlobalSection(SolutionConfigurationPlatforms) = preSolution
		Debug|Any CPU = Debug|Any CPU
		Release|Any CPU = Release|Any CPU
	EndGlobalSection
	GlobalSection(ProjectConfigurationPlatforms) = postSolution
		{525D2866-024B-4D92-905F-D973A5CFE83D}.Debug|Any CPU.ActiveCfg = Debug|Any CPU
		{525D2866-024B-4D92-905F-D973A5CFE83D}.Debug|Any CPU.Build.0 = Debug|Any CPU
		{525D2866-024B-4D92-905F-D973A5CFE83D}.Release|Any CPU.ActiveCfg = Release|Any CPU
		{525D2866-024B-4D92-905F-D973A5CFE83D}.Release|Any CPU.Build.0 = Release|Any CPU
	EndGlobalSection
	GlobalSection(SolutionProperties) = preSolution
		HideSolutionNode = FALSE
	EndGlobalSection
	GlobalSection(ExtensibilityGlobals) = postSolution
		SolutionGuid = {12D01A8C-3627-44C2-80CA-DA2D0799676A}
	EndGlobalSection
EndGlobal
